
Microsoft Visual Studio Solution File, Format Version 12.00
# Visual Studio Version 16
VisualStudioVersion = 16.0.30717.126
MinimumVisualStudioVersion = 10.0.40219.1
Project("{9A19103F-16F7-4668-BE54-9A1E7A4F7556}") = "ExpressSharp", "ExpressSharp\ExpressSharp.csproj", "{6C16CD0B-CE69-4E8C-AF72-FAFB75B35772}"
EndProject
Project("{9A19103F-16F7-4668-BE54-9A1E7A4F7556}") = "ExampleApp", "ExampleApp\ExampleApp.csproj", "{7382C202-DC7C-43A1-AE0B-3FD135319829}"
EndProject
Global
	GlobalSection(SolutionConfigurationPlatforms) = preSolution
		Debug|Any CPU = Debug|Any CPU
		Release|Any CPU = Release|Any CPU
	EndGlobalSection
	GlobalSection(ProjectConfigurationPlatforms) = postSolution
		{6C16CD0B-CE69-4E8C-AF72-FAFB75B35772}.Debug|Any CPU.ActiveCfg = Debug|Any CPU
		{6C16CD0B-CE69-4E8C-AF72-FAFB75B35772}.Debug|Any CPU.Build.0 = Debug|Any CPU
		{6C16CD0B-CE69-4E8C-AF72-FAFB75B35772}.Release|Any CPU.ActiveCfg = Release|Any CPU
		{6C16CD0B-CE69-4E8C-AF72-FAFB75B35772}.Release|Any CPU.Build.0 = Release|Any CPU
		{7382C202-DC7C-43A1-AE0B-3FD135319829}.Debug|Any CPU.ActiveCfg = Debug|Any CPU
		{7382C202-DC7C-43A1-AE0B-3FD135319829}.Debug|Any CPU.Build.0 = Debug|Any CPU
		{7382C202-DC7C-43A1-AE0B-3FD135319829}.Release|Any CPU.ActiveCfg = Release|Any CPU
		{7382C202-DC7C-43A1-AE0B-3FD135319829}.Release|Any CPU.Build.0 = Release|Any CPU
	EndGlobalSection
	GlobalSection(SolutionProperties) = preSolution
		HideSolutionNode = FALSE
	EndGlobalSection
	GlobalSection(ExtensibilityGlobals) = postSolution
		SolutionGuid = {DC5C0341-E992-4F88-96D1-55A9C5BCA8B9}
	EndGlobalSection
EndGlobal
